
Microsoft Visual Studio Solution File, Format Version 12.00
# Visual Studio Version 16
VisualStudioVersion = 16.0.29306.81
MinimumVisualStudioVersion = 10.0.40219.1
Project("{8BC9CEB8-8B4A-11D0-8D11-00A0C91BC942}") = "Sprint1", "Sprint1\Sprint1.vcxproj", "{57F21018-CB49-43CA-A8D6-81B7B87746E7}"
EndProject
Project("{8BC9CEB8-8B4A-11D0-8D11-00A0C91BC942}") = "Sprint2", "Sprint2\Sprint2.vcxproj", "{B7BAF78B-E979-4108-B5FE-7BF8DBE324A1}"
EndProject
Project("{8BC9CEB8-8B4A-11D0-8D11-00A0C91BC942}") = "Sprint3", "Sprint3\Sprint3.vcxproj", "{1AC788A7-4C1F-405D-BED4-D9E224F46CAE}"
EndProject
Project("{8BC9CEB8-8B4A-11D0-8D11-00A0C91BC942}") = "Sprint4", "Sprint4\Sprint4.vcxproj", "{000805AC-B3F7-479F-ACDE-FB48C9691044}"
EndProject
Global
	GlobalSection(SolutionConfigurationPlatforms) = preSolution
		Debug|x64 = Debug|x64
		Debug|x86 = Debug|x86
		Release|x64 = Release|x64
		Release|x86 = Release|x86
	EndGlobalSection
	GlobalSection(ProjectConfigurationPlatforms) = postSolution
		{57F21018-CB49-43CA-A8D6-81B7B87746E7}.Debug|x64.ActiveCfg = Debug|x64
		{57F21018-CB49-43CA-A8D6-81B7B87746E7}.Debug|x64.Build.0 = Debug|x64
		{57F21018-CB49-43CA-A8D6-81B7B87746E7}.Debug|x86.ActiveCfg = Debug|Win32
		{57F21018-CB49-43CA-A8D6-81B7B87746E7}.Debug|x86.Build.0 = Debug|Win32
		{57F21018-CB49-43CA-A8D6-81B7B87746E7}.Release|x64.ActiveCfg = Release|x64
		{57F21018-CB49-43CA-A8D6-81B7B87746E7}.Release|x64.Build.0 = Release|x64
		{57F21018-CB49-43CA-A8D6-81B7B87746E7}.Release|x86.ActiveCfg = Release|Win32
		{57F21018-CB49-43CA-A8D6-81B7B87746E7}.Release|x86.Build.0 = Release|Win32
		{B7BAF78B-E979-4108-B5FE-7BF8DBE324A1}.Debug|x64.ActiveCfg = Debug|x64
		{B7BAF78B-E979-4108-B5FE-7BF8DBE324A1}.Debug|x64.Build.0 = Debug|x64
		{B7BAF78B-E979-4108-B5FE-7BF8DBE324A1}.Debug|x86.ActiveCfg = Debug|Win32
		{B7BAF78B-E979-4108-B5FE-7BF8DBE324A1}.Debug|x86.Build.0 = Debug|Win32
		{B7BAF78B-E979-4108-B5FE-7BF8DBE324A1}.Release|x64.ActiveCfg = Release|x64
		{B7BAF78B-E979-4108-B5FE-7BF8DBE324A1}.Release|x64.Build.0 = Release|x64
		{B7BAF78B-E979-4108-B5FE-7BF8DBE324A1}.Release|x86.ActiveCfg = Release|Win32
		{B7BAF78B-E979-4108-B5FE-7BF8DBE324A1}.Release|x86.Build.0 = Release|Win32
		{1AC788A7-4C1F-405D-BED4-D9E224F46CAE}.Debug|x64.ActiveCfg = Debug|x64
		{1AC788A7-4C1F-405D-BED4-D9E224F46CAE}.Debug|x64.Build.0 = Debug|x64
		{1AC788A7-4C1F-405D-BED4-D9E224F46CAE}.Debug|x86.ActiveCfg = Debug|Win32
		{1AC788A7-4C1F-405D-BED4-D9E224F46CAE}.Debug|x86.Build.0 = Debug|Win32
		{1AC788A7-4C1F-405D-BED4-D9E224F46CAE}.Release|x64.ActiveCfg = Release|x64
		{1AC788A7-4C1F-405D-BED4-D9E224F46CAE}.Release|x64.Build.0 = Release|x64
		{1AC788A7-4C1F-405D-BED4-D9E224F46CAE}.Release|x86.ActiveCfg = Release|Win32
		{1AC788A7-4C1F-405D-BED4-D9E224F46CAE}.Release|x86.Build.0 = Release|Win32
		{000805AC-B3F7-479F-ACDE-FB48C9691044}.Debug|x64.ActiveCfg = Debug|x64
		{000805AC-B3F7-479F-ACDE-FB48C9691044}.Debug|x64.Build.0 = Debug|x64
		{000805AC-B3F7-479F-ACDE-FB48C9691044}.Debug|x86.ActiveCfg = Debug|Win32
		{000805AC-B3F7-479F-ACDE-FB48C9691044}.Debug|x86.Build.0 = Debug|Win32
		{000805AC-B3F7-479F-ACDE-FB48C9691044}.Release|x64.ActiveCfg = Release|x64
		{000805AC-B3F7-479F-ACDE-FB48C9691044}.Release|x64.Build.0 = Release|x64
		{000805AC-B3F7-479F-ACDE-FB48C9691044}.Release|x86.ActiveCfg = Release|Win32
		{000805AC-B3F7-479F-ACDE-FB48C9691044}.Release|x86.Build.0 = Release|Win32
	EndGlobalSection
	GlobalSection(SolutionProperties) = preSolution
		HideSolutionNode = FALSE
	EndGlobalSection
	GlobalSection(ExtensibilityGlobals) = postSolution
		SolutionGuid = {5543324D-7138-4A60-9413-D086EEA8F84B}
	EndGlobalSection
EndGlobal
