
Microsoft Visual Studio Solution File, Format Version 12.00
# Visual Studio Version 16
VisualStudioVersion = 16.0.29306.81
MinimumVisualStudioVersion = 10.0.40219.1
Project("{8BC9CEB8-8B4A-11D0-8D11-00A0C91BC942}") = "Sprint1_CleanVersion", "Sprint1_CleanVersion\Sprint1_CleanVersion.vcxproj", "{0838923F-AA11-443E-ADF2-20ED07EEDBA2}"
EndProject
Global
	GlobalSection(SolutionConfigurationPlatforms) = preSolution
		Debug|x64 = Debug|x64
		Debug|x86 = Debug|x86
		Release|x64 = Release|x64
		Release|x86 = Release|x86
	EndGlobalSection
	GlobalSection(ProjectConfigurationPlatforms) = postSolution
		{0838923F-AA11-443E-ADF2-20ED07EEDBA2}.Debug|x64.ActiveCfg = Debug|x64
		{0838923F-AA11-443E-ADF2-20ED07EEDBA2}.Debug|x64.Build.0 = Debug|x64
		{0838923F-AA11-443E-ADF2-20ED07EEDBA2}.Debug|x86.ActiveCfg = Debug|Win32
		{0838923F-AA11-443E-ADF2-20ED07EEDBA2}.Debug|x86.Build.0 = Debug|Win32
		{0838923F-AA11-443E-ADF2-20ED07EEDBA2}.Release|x64.ActiveCfg = Release|x64
		{0838923F-AA11-443E-ADF2-20ED07EEDBA2}.Release|x64.Build.0 = Release|x64
		{0838923F-AA11-443E-ADF2-20ED07EEDBA2}.Release|x86.ActiveCfg = Release|Win32
		{0838923F-AA11-443E-ADF2-20ED07EEDBA2}.Release|x86.Build.0 = Release|Win32
	EndGlobalSection
	GlobalSection(SolutionProperties) = preSolution
		HideSolutionNode = FALSE
	EndGlobalSection
	GlobalSection(ExtensibilityGlobals) = postSolution
		SolutionGuid = {11FB2264-7845-4895-8DBD-753D865831FF}
	EndGlobalSection
EndGlobal
